
Microsoft Visual Studio Solution File, Format Version 12.00
# Visual Studio Version 17
VisualStudioVersion = 17.9.34607.119
MinimumVisualStudioVersion = 10.0.40219.1
Project("{FAE04EC0-301F-11D3-BF4B-00C04F79EFBC}") = "GittHub", "GittHub.csproj", "{45EFFC90-F0BA-45DA-953B-3C8E4FB1F605}"
EndProject
Global
	GlobalSection(SolutionConfigurationPlatforms) = preSolution
		Debug|Any CPU = Debug|Any CPU
		Release|Any CPU = Release|Any CPU
	EndGlobalSection
	GlobalSection(ProjectConfigurationPlatforms) = postSolution
		{45EFFC90-F0BA-45DA-953B-3C8E4FB1F605}.Debug|Any CPU.ActiveCfg = Debug|Any CPU
		{45EFFC90-F0BA-45DA-953B-3C8E4FB1F605}.Debug|Any CPU.Build.0 = Debug|Any CPU
		{45EFFC90-F0BA-45DA-953B-3C8E4FB1F605}.Release|Any CPU.ActiveCfg = Release|Any CPU
		{45EFFC90-F0BA-45DA-953B-3C8E4FB1F605}.Release|Any CPU.Build.0 = Release|Any CPU
	EndGlobalSection
	GlobalSection(SolutionProperties) = preSolution
		HideSolutionNode = FALSE
	EndGlobalSection
	GlobalSection(ExtensibilityGlobals) = postSolution
		SolutionGuid = {7630384F-1527-47C9-BA07-445DC66CB2ED}
	EndGlobalSection
EndGlobal
